github.com/rsc-kit/go v0.1.0 h1:MUH2zzhbaVuPHLLH6WCkjBWtsbRa8TCq7nBE6d8aHAY=
github.com/rsc-kit/go v0.1.0/go.mod h1:54RVxufIdgRy6wBfhW7zUqqmcsiCAP6PGD510W3fLdc=
github.com/rsc-kit/go v0.2.0 h1:Y2g6iOyG0kBjF7UM9SuTjsEGnlu6BRaSf45bH8CxbDE=
github.com/rsc-kit/go v0.2.0/go.mod h1:54RVxufIdgRy6wBfhW7zUqqmcsiCAP6PGD510W3fLdc=
github.com/rsc-kit/go v0.4.0 h1:MV2OXGCIR5yLyK/50dIVpxwtmvyIQX6bYpr8Nj8TWHE=
github.com/rsc-kit/go v0.4.0/go.mod h1:54RVxufIdgRy6wBfhW7zUqqmcsiCAP6PGD510W3fLdc=
github.com/rsc-kit/go v0.5.0 h1:YIi+9f5CLKk25imHTRx+Bhes+XJRzA4aaMHf2uFWAqQ=
github.com/rsc-kit/go v0.5.0/go.mod h1:54RVxufIdgRy6wBfhW7zUqqmcsiCAP6PGD510W3fLdc=
